// !$*UTF8*$!
{
	archiveVersion = 1;
	classes = {
	};
	objectVersion = 55;
	objects = {

/* Begin PBXBuildFile section */
		3413736E28E066590032A42A /* WeatherImageManager.swift in Sources */ = {isa = PBXBuildFile; fileRef = 3413736D28E066590032A42A /* WeatherImageManager.swift */; };
		3414359028D23E0E00D43979 /* AppDelegate.swift in Sources */ = {isa = PBXBuildFile; fileRef = 3414358F28D23E0E00D43979 /* AppDelegate.swift */; };
		3414359228D23E0E00D43979 /* SceneDelegate.swift in Sources */ = {isa = PBXBuildFile; fileRef = 3414359128D23E0E00D43979 /* SceneDelegate.swift */; };
		3414359428D23E0E00D43979 /* MainViewController.swift in Sources */ = {isa = PBXBuildFile; fileRef = 3414359328D23E0E00D43979 /* MainViewController.swift */; };
		3414359928D23E1000D43979 /* Assets.xcassets in Resources */ = {isa = PBXBuildFile; fileRef = 3414359828D23E1000D43979 /* Assets.xcassets */; };
		3414359C28D23E1000D43979 /* LaunchScreen.storyboard in Resources */ = {isa = PBXBuildFile; fileRef = 3414359A28D23E1000D43979 /* LaunchScreen.storyboard */; };
		341435A528D241BC00D43979 /* R.generated.swift in Sources */ = {isa = PBXBuildFile; fileRef = 341435A428D241BC00D43979 /* R.generated.swift */; };
		341435A828D242B200D43979 /* MainCoordinator.swift in Sources */ = {isa = PBXBuildFile; fileRef = 341435A728D242B200D43979 /* MainCoordinator.swift */; };
		341435AE28D2463200D43979 /* MainViewModel.swift in Sources */ = {isa = PBXBuildFile; fileRef = 341435AD28D2463200D43979 /* MainViewModel.swift */; };
		3451C4BB28DF77FD005B0B80 /* GeocodingManager.swift in Sources */ = {isa = PBXBuildFile; fileRef = 3451C4BA28DF77FD005B0B80 /* GeocodingManager.swift */; };
		3451C4BE28DF8A24005B0B80 /* WeatherDetailView.swift in Sources */ = {isa = PBXBuildFile; fileRef = 3451C4BD28DF8A24005B0B80 /* WeatherDetailView.swift */; };
		3469B8EF28D5B0AB00ADB7BF /* MapViewController.swift in Sources */ = {isa = PBXBuildFile; fileRef = 3469B8EE28D5B0AB00ADB7BF /* MapViewController.swift */; };
		3469B8F128D5B0B300ADB7BF /* MapViewModel.swift in Sources */ = {isa = PBXBuildFile; fileRef = 3469B8F028D5B0B300ADB7BF /* MapViewModel.swift */; };
		3469B8F428D5B1D700ADB7BF /* SearchViewController.swift in Sources */ = {isa = PBXBuildFile; fileRef = 3469B8F328D5B1D700ADB7BF /* SearchViewController.swift */; };
		3469B8F628D5B1F000ADB7BF /* SearchViewModel.swift in Sources */ = {isa = PBXBuildFile; fileRef = 3469B8F528D5B1F000ADB7BF /* SearchViewModel.swift */; };
		3469B8F928D5B7B900ADB7BF /* IconButton.swift in Sources */ = {isa = PBXBuildFile; fileRef = 3469B8F828D5B7B900ADB7BF /* IconButton.swift */; };
		3469B8FC28D5C0BC00ADB7BF /* NetworkingWeatherManager.swift in Sources */ = {isa = PBXBuildFile; fileRef = 3469B8FB28D5C0BC00ADB7BF /* NetworkingWeatherManager.swift */; };
		3469B90028D5C7AE00ADB7BF /* WeatherDataModel.swift in Sources */ = {isa = PBXBuildFile; fileRef = 3469B8FF28D5C7AE00ADB7BF /* WeatherDataModel.swift */; };
		346AD96F28EB63E30088CF06 /* WeatherTopView.swift in Sources */ = {isa = PBXBuildFile; fileRef = 346AD96E28EB63E30088CF06 /* WeatherTopView.swift */; };
		348DCEC928D8D007008C4879 /* UITableView+Extension.swift in Sources */ = {isa = PBXBuildFile; fileRef = 348DCEC828D8D007008C4879 /* UITableView+Extension.swift */; };
		348DCECB28D8D070008C4879 /* UICollectionView+Extension.swift in Sources */ = {isa = PBXBuildFile; fileRef = 348DCECA28D8D070008C4879 /* UICollectionView+Extension.swift */; };
		348DCEF528DA2C6D008C4879 /* HourlyWeatherCollectionViewCell.swift in Sources */ = {isa = PBXBuildFile; fileRef = 348DCEF428DA2C6D008C4879 /* HourlyWeatherCollectionViewCell.swift */; };
		348DCEF828DA4A06008C4879 /* DailyWeatherTableViewCell.swift in Sources */ = {isa = PBXBuildFile; fileRef = 348DCEF728DA4A06008C4879 /* DailyWeatherTableViewCell.swift */; };
		34AC530828E72099000E88EB /* CitySearchTableViewCell.swift in Sources */ = {isa = PBXBuildFile; fileRef = 34AC530728E72099000E88EB /* CitySearchTableViewCell.swift */; };
		34B92B9028E6ECCF005BD69B /* CitySearchModel.swift in Sources */ = {isa = PBXBuildFile; fileRef = 34B92B8F28E6ECCF005BD69B /* CitySearchModel.swift */; };
		34B92B9228E6ED8F005BD69B /* NetworkingCitySearchManager.swift in Sources */ = {isa = PBXBuildFile; fileRef = 34B92B9128E6ED8F005BD69B /* NetworkingCitySearchManager.swift */; };
		BF49C29A5F517288300F71A7 /* Pods_WeatherTestTask.framework in Frameworks */ = {isa = PBXBuildFile; fileRef = F5D49571EED26F98D54A5879 /* Pods_WeatherTestTask.framework */; };
/* End PBXBuildFile section */

/* Begin PBXFileReference section */
		3413736D28E066590032A42A /* WeatherImageManager.swift */ = {isa = PBXFileReference; lastKnownFileType = sourcecode.swift; path = WeatherImageManager.swift; sourceTree = "<group>"; };
		3414358C28D23E0E00D43979 /* WeatherTestTask.app */ = {isa = PBXFileReference; explicitFileType = wrapper.application; includeInIndex = 0; path = WeatherTestTask.app; sourceTree = BUILT_PRODUCTS_DIR; };
		3414358F28D23E0E00D43979 /* AppDelegate.swift */ = {isa = PBXFileReference; lastKnownFileType = sourcecode.swift; path = AppDelegate.swift; sourceTree = "<group>"; };
		3414359128D23E0E00D43979 /* SceneDelegate.swift */ = {isa = PBXFileReference; lastKnownFileType = sourcecode.swift; path = SceneDelegate.swift; sourceTree = "<group>"; };
		3414359328D23E0E00D43979 /* MainViewController.swift */ = {isa = PBXFileReference; lastKnownFileType = sourcecode.swift; path = MainViewController.swift; sourceTree = "<group>"; };
		3414359828D23E1000D43979 /* Assets.xcassets */ = {isa = PBXFileReference; lastKnownFileType = folder.assetcatalog; path = Assets.xcassets; sourceTree = "<group>"; };
		3414359B28D23E1000D43979 /* Base */ = {isa = PBXFileReference; lastKnownFileType = file.storyboard; name = Base; path = Base.lproj/LaunchScreen.storyboard; sourceTree = "<group>"; };
		3414359D28D23E1000D43979 /* Info.plist */ = {isa = PBXFileReference; lastKnownFileType = text.plist.xml; path = Info.plist; sourceTree = "<group>"; };
		341435A428D241BC00D43979 /* R.generated.swift */ = {isa = PBXFileReference; fileEncoding = 4; lastKnownFileType = sourcecode.swift; path = R.generated.swift; sourceTree = "<group>"; };
		341435A728D242B200D43979 /* MainCoordinator.swift */ = {isa = PBXFileReference; lastKnownFileType = sourcecode.swift; path = MainCoordinator.swift; sourceTree = "<group>"; };
		341435AD28D2463200D43979 /* MainViewModel.swift */ = {isa = PBXFileReference; lastKnownFileType = sourcecode.swift; path = MainViewModel.swift; sourceTree = "<group>"; };
		3451C4BA28DF77FD005B0B80 /* GeocodingManager.swift */ = {isa = PBXFileReference; lastKnownFileType = sourcecode.swift; path = GeocodingManager.swift; sourceTree = "<group>"; };
		3451C4BD28DF8A24005B0B80 /* WeatherDetailView.swift */ = {isa = PBXFileReference; lastKnownFileType = sourcecode.swift; path = WeatherDetailView.swift; sourceTree = "<group>"; };
		3469B8EE28D5B0AB00ADB7BF /* MapViewController.swift */ = {isa = PBXFileReference; lastKnownFileType = sourcecode.swift; path = MapViewController.swift; sourceTree = "<group>"; };
		3469B8F028D5B0B300ADB7BF /* MapViewModel.swift */ = {isa = PBXFileReference; lastKnownFileType = sourcecode.swift; path = MapViewModel.swift; sourceTree = "<group>"; };
		3469B8F328D5B1D700ADB7BF /* SearchViewController.swift */ = {isa = PBXFileReference; lastKnownFileType = sourcecode.swift; path = SearchViewController.swift; sourceTree = "<group>"; };
		3469B8F528D5B1F000ADB7BF /* SearchViewModel.swift */ = {isa = PBXFileReference; lastKnownFileType = sourcecode.swift; path = SearchViewModel.swift; sourceTree = "<group>"; };
		3469B8F828D5B7B900ADB7BF /* IconButton.swift */ = {isa = PBXFileReference; lastKnownFileType = sourcecode.swift; path = IconButton.swift; sourceTree = "<group>"; };
		3469B8FB28D5C0BC00ADB7BF /* NetworkingWeatherManager.swift */ = {isa = PBXFileReference; lastKnownFileType = sourcecode.swift; path = NetworkingWeatherManager.swift; sourceTree = "<group>"; };
		3469B8FF28D5C7AE00ADB7BF /* WeatherDataModel.swift */ = {isa = PBXFileReference; lastKnownFileType = sourcecode.swift; path = WeatherDataModel.swift; sourceTree = "<group>"; };
		346AD96E28EB63E30088CF06 /* WeatherTopView.swift */ = {isa = PBXFileReference; lastKnownFileType = sourcecode.swift; path = WeatherTopView.swift; sourceTree = "<group>"; };
		348DCEC828D8D007008C4879 /* UITableView+Extension.swift */ = {isa = PBXFileReference; lastKnownFileType = sourcecode.swift; path = "UITableView+Extension.swift"; sourceTree = "<group>"; };
		348DCECA28D8D070008C4879 /* UICollectionView+Extension.swift */ = {isa = PBXFileReference; lastKnownFileType = sourcecode.swift; path = "UICollectionView+Extension.swift"; sourceTree = "<group>"; };
		348DCEF428DA2C6D008C4879 /* HourlyWeatherCollectionViewCell.swift */ = {isa = PBXFileReference; lastKnownFileType = sourcecode.swift; path = HourlyWeatherCollectionViewCell.swift; sourceTree = "<group>"; };
		348DCEF728DA4A06008C4879 /* DailyWeatherTableViewCell.swift */ = {isa = PBXFileReference; lastKnownFileType = sourcecode.swift; path = DailyWeatherTableViewCell.swift; sourceTree = "<group>"; };
		34AC530728E72099000E88EB /* CitySearchTableViewCell.swift */ = {isa = PBXFileReference; lastKnownFileType = sourcecode.swift; path = CitySearchTableViewCell.swift; sourceTree = "<group>"; };
		34B92B8F28E6ECCF005BD69B /* CitySearchModel.swift */ = {isa = PBXFileReference; lastKnownFileType = sourcecode.swift; path = CitySearchModel.swift; sourceTree = "<group>"; };
		34B92B9128E6ED8F005BD69B /* NetworkingCitySearchManager.swift */ = {isa = PBXFileReference; lastKnownFileType = sourcecode.swift; path = NetworkingCitySearchManager.swift; sourceTree = "<group>"; };
		849A282840F818B53678EC73 /* Pods-WeatherTestTask.release.xcconfig */ = {isa = PBXFileReference; includeInIndex = 1; lastKnownFileType = text.xcconfig; name = "Pods-WeatherTestTask.release.xcconfig"; path = "Target Support Files/Pods-WeatherTestTask/Pods-WeatherTestTask.release.xcconfig"; sourceTree = "<group>"; };
		D325E2A6F123202626E9B983 /* Pods-WeatherTestTask.debug.xcconfig */ = {isa = PBXFileReference; includeInIndex = 1; lastKnownFileType = text.xcconfig; name = "Pods-WeatherTestTask.debug.xcconfig"; path = "Target Support Files/Pods-WeatherTestTask/Pods-WeatherTestTask.debug.xcconfig"; sourceTree = "<group>"; };
		F5D49571EED26F98D54A5879 /* Pods_WeatherTestTask.framework */ = {isa = PBXFileReference; explicitFileType = wrapper.framework; includeInIndex = 0; path = Pods_WeatherTestTask.framework; sourceTree = BUILT_PRODUCTS_DIR; };
/* End PBXFileReference section */

/* Begin PBXFrameworksBuildPhase section */
		3414358928D23E0E00D43979 /* Frameworks */ = {
			isa = PBXFrameworksBuildPhase;
			buildActionMask = 2147483647;
			files = (
				BF49C29A5F517288300F71A7 /* Pods_WeatherTestTask.framework in Frameworks */,
			);
			runOnlyForDeploymentPostprocessing = 0;
		};
/* End PBXFrameworksBuildPhase section */

/* Begin PBXGroup section */
		23BBADB50CE4EBE8E3F89758 /* Pods */ = {
			isa = PBXGroup;
			children = (
				D325E2A6F123202626E9B983 /* Pods-WeatherTestTask.debug.xcconfig */,
				849A282840F818B53678EC73 /* Pods-WeatherTestTask.release.xcconfig */,
			);
			path = Pods;
			sourceTree = "<group>";
		};
		3414358328D23E0E00D43979 = {
			isa = PBXGroup;
			children = (
				341435A428D241BC00D43979 /* R.generated.swift */,
				3414358E28D23E0E00D43979 /* WeatherTestTask */,
				3414358D28D23E0E00D43979 /* Products */,
				23BBADB50CE4EBE8E3F89758 /* Pods */,
				BD3E908F8094CACF277EFB4B /* Frameworks */,
			);
			sourceTree = "<group>";
		};
		3414358D28D23E0E00D43979 /* Products */ = {
			isa = PBXGroup;
			children = (
				3414358C28D23E0E00D43979 /* WeatherTestTask.app */,
			);
			name = Products;
			sourceTree = "<group>";
		};
		3414358E28D23E0E00D43979 /* WeatherTestTask */ = {
			isa = PBXGroup;
			children = (
				348DCEC728D8CFEE008C4879 /* Extensions */,
				3469B8FE28D5C79F00ADB7BF /* Models */,
				3469B8FA28D5C0A400ADB7BF /* Managers */,
				3469B8F728D5B7A900ADB7BF /* Views */,
				341435A628D242A600D43979 /* Coordinators */,
				341435A928D245F500D43979 /* Flow */,
				3414358F28D23E0E00D43979 /* AppDelegate.swift */,
				3414359128D23E0E00D43979 /* SceneDelegate.swift */,
				3414359828D23E1000D43979 /* Assets.xcassets */,
				3414359A28D23E1000D43979 /* LaunchScreen.storyboard */,
				3414359D28D23E1000D43979 /* Info.plist */,
			);
			path = WeatherTestTask;
			sourceTree = "<group>";
		};
		341435A628D242A600D43979 /* Coordinators */ = {
			isa = PBXGroup;
			children = (
				341435A728D242B200D43979 /* MainCoordinator.swift */,
			);
			path = Coordinators;
			sourceTree = "<group>";
		};
		341435A928D245F500D43979 /* Flow */ = {
			isa = PBXGroup;
			children = (
				3469B8F228D5B1C000ADB7BF /* SearchScreen */,
				3469B8ED28D5B06D00ADB7BF /* MapScreen */,
				341435AC28D2460A00D43979 /* MainScreen */,
			);
			path = Flow;
			sourceTree = "<group>";
		};
		341435AC28D2460A00D43979 /* MainScreen */ = {
			isa = PBXGroup;
			children = (
				3414359328D23E0E00D43979 /* MainViewController.swift */,
				341435AD28D2463200D43979 /* MainViewModel.swift */,
			);
			path = MainScreen;
			sourceTree = "<group>";
		};
		3451C4BC28DF8A12005B0B80 /* WeatherDetailView */ = {
			isa = PBXGroup;
			children = (
				3451C4BD28DF8A24005B0B80 /* WeatherDetailView.swift */,
			);
			path = WeatherDetailView;
			sourceTree = "<group>";
		};
		3469B8ED28D5B06D00ADB7BF /* MapScreen */ = {
			isa = PBXGroup;
			children = (
				3469B8EE28D5B0AB00ADB7BF /* MapViewController.swift */,
				3469B8F028D5B0B300ADB7BF /* MapViewModel.swift */,
			);
			path = MapScreen;
			sourceTree = "<group>";
		};
		3469B8F228D5B1C000ADB7BF /* SearchScreen */ = {
			isa = PBXGroup;
			children = (
				3469B8F328D5B1D700ADB7BF /* SearchViewController.swift */,
				3469B8F528D5B1F000ADB7BF /* SearchViewModel.swift */,
			);
			path = SearchScreen;
			sourceTree = "<group>";
		};
		3469B8F728D5B7A900ADB7BF /* Views */ = {
			isa = PBXGroup;
			children = (
				346AD96D28EB63D40088CF06 /* WeatherTopView */,
				34AC530628E72085000E88EB /* CitySearchCell */,
				3451C4BC28DF8A12005B0B80 /* WeatherDetailView */,
				348DCEF628DA49E4008C4879 /* DailyWeatherCell */,
				348DCEF328DA2C0F008C4879 /* HourlyWeatherCell */,
				348DCEF228DA2C05008C4879 /* IconButton */,
			);
			path = Views;
			sourceTree = "<group>";
		};
		3469B8FA28D5C0A400ADB7BF /* Managers */ = {
			isa = PBXGroup;
			children = (
				3469B8FB28D5C0BC00ADB7BF /* NetworkingWeatherManager.swift */,
				3451C4BA28DF77FD005B0B80 /* GeocodingManager.swift */,
				3413736D28E066590032A42A /* WeatherImageManager.swift */,
				34B92B9128E6ED8F005BD69B /* NetworkingCitySearchManager.swift */,
			);
			path = Managers;
			sourceTree = "<group>";
		};
		3469B8FE28D5C79F00ADB7BF /* Models */ = {
			isa = PBXGroup;
			children = (
				3469B8FF28D5C7AE00ADB7BF /* WeatherDataModel.swift */,
				34B92B8F28E6ECCF005BD69B /* CitySearchModel.swift */,
			);
			path = Models;
			sourceTree = "<group>";
		};
		346AD96D28EB63D40088CF06 /* WeatherTopView */ = {
			isa = PBXGroup;
			children = (
				346AD96E28EB63E30088CF06 /* WeatherTopView.swift */,
			);
			path = WeatherTopView;
			sourceTree = "<group>";
		};
		348DCEC728D8CFEE008C4879 /* Extensions */ = {
			isa = PBXGroup;
			children = (
				348DCEC828D8D007008C4879 /* UITableView+Extension.swift */,
				348DCECA28D8D070008C4879 /* UICollectionView+Extension.swift */,
			);
			path = Extensions;
			sourceTree = "<group>";
		};
		348DCEF228DA2C05008C4879 /* IconButton */ = {
			isa = PBXGroup;
			children = (
				3469B8F828D5B7B900ADB7BF /* IconButton.swift */,
			);
			path = IconButton;
			sourceTree = "<group>";
		};
		348DCEF328DA2C0F008C4879 /* HourlyWeatherCell */ = {
			isa = PBXGroup;
			children = (
				348DCEF428DA2C6D008C4879 /* HourlyWeatherCollectionViewCell.swift */,
			);
			path = HourlyWeatherCell;
			sourceTree = "<group>";
		};
		348DCEF628DA49E4008C4879 /* DailyWeatherCell */ = {
			isa = PBXGroup;
			children = (
				348DCEF728DA4A06008C4879 /* DailyWeatherTableViewCell.swift */,
			);
			path = DailyWeatherCell;
			sourceTree = "<group>";
		};
		34AC530628E72085000E88EB /* CitySearchCell */ = {
			isa = PBXGroup;
			children = (
				34AC530728E72099000E88EB /* CitySearchTableViewCell.swift */,
			);
			path = CitySearchCell;
			sourceTree = "<group>";
		};
		BD3E908F8094CACF277EFB4B /* Frameworks */ = {
			isa = PBXGroup;
			children = (
				F5D49571EED26F98D54A5879 /* Pods_WeatherTestTask.framework */,
			);
			name = Frameworks;
			sourceTree = "<group>";
		};
/* End PBXGroup section */

/* Begin PBXNativeTarget section */
		3414358B28D23E0E00D43979 /* WeatherTestTask */ = {
			isa = PBXNativeTarget;
			buildConfigurationList = 341435A028D23E1000D43979 /* Build configuration list for PBXNativeTarget "WeatherTestTask" */;
			buildPhases = (
				17085217E5CD57E98FB2E188 /* [CP] Check Pods Manifest.lock */,
				341435A328D2413500D43979 /* ShellScript */,
				3414358828D23E0E00D43979 /* Sources */,
				3414358928D23E0E00D43979 /* Frameworks */,
				3414358A28D23E0E00D43979 /* Resources */,
				072BD486070F2859226B152F /* [CP] Embed Pods Frameworks */,
			);
			buildRules = (
			);
			dependencies = (
			);
			name = WeatherTestTask;
			productName = WeatherTestTask;
			productReference = 3414358C28D23E0E00D43979 /* WeatherTestTask.app */;
			productType = "com.apple.product-type.application";
		};
/* End PBXNativeTarget section */

/* Begin PBXProject section */
		3414358428D23E0E00D43979 /* Project object */ = {
			isa = PBXProject;
			attributes = {
				BuildIndependentTargetsInParallel = 1;
				LastSwiftUpdateCheck = 1340;
				LastUpgradeCheck = 1340;
				TargetAttributes = {
					3414358B28D23E0E00D43979 = {
						CreatedOnToolsVersion = 13.4.1;
					};
				};
			};
			buildConfigurationList = 3414358728D23E0E00D43979 /* Build configuration list for PBXProject "WeatherTestTask" */;
			compatibilityVersion = "Xcode 13.0";
			developmentRegion = en;
			hasScannedForEncodings = 0;
			knownRegions = (
				en,
				Base,
			);
			mainGroup = 3414358328D23E0E00D43979;
			productRefGroup = 3414358D28D23E0E00D43979 /* Products */;
			projectDirPath = "";
			projectRoot = "";
			targets = (
				3414358B28D23E0E00D43979 /* WeatherTestTask */,
			);
		};
/* End PBXProject section */

/* Begin PBXResourcesBuildPhase section */
		3414358A28D23E0E00D43979 /* Resources */ = {
			isa = PBXResourcesBuildPhase;
			buildActionMask = 2147483647;
			files = (
				3414359C28D23E1000D43979 /* LaunchScreen.storyboard in Resources */,
				3414359928D23E1000D43979 /* Assets.xcassets in Resources */,
			);
			runOnlyForDeploymentPostprocessing = 0;
		};
/* End PBXResourcesBuildPhase section */

/* Begin PBXShellScriptBuildPhase section */
		072BD486070F2859226B152F /* [CP] Embed Pods Frameworks */ = {
			isa = PBXShellScriptBuildPhase;
			buildActionMask = 2147483647;
			files = (
			);
			inputFileListPaths = (
				"${PODS_ROOT}/Target Support Files/Pods-WeatherTestTask/Pods-WeatherTestTask-frameworks-${CONFIGURATION}-input-files.xcfilelist",
			);
			name = "[CP] Embed Pods Frameworks";
			outputFileListPaths = (
				"${PODS_ROOT}/Target Support Files/Pods-WeatherTestTask/Pods-WeatherTestTask-frameworks-${CONFIGURATION}-output-files.xcfilelist",
			);
			runOnlyForDeploymentPostprocessing = 0;
			shellPath = /bin/sh;
			shellScript = "\"${PODS_ROOT}/Target Support Files/Pods-WeatherTestTask/Pods-WeatherTestTask-frameworks.sh\"\n";
			showEnvVarsInLog = 0;
		};
		17085217E5CD57E98FB2E188 /* [CP] Check Pods Manifest.lock */ = {
			isa = PBXShellScriptBuildPhase;
			buildActionMask = 2147483647;
			files = (
			);
			inputFileListPaths = (
			);
			inputPaths = (
				"${PODS_PODFILE_DIR_PATH}/Podfile.lock",
				"${PODS_ROOT}/Manifest.lock",
			);
			name = "[CP] Check Pods Manifest.lock";
			outputFileListPaths = (
			);
			outputPaths = (
				"$(DERIVED_FILE_DIR)/Pods-WeatherTestTask-checkManifestLockResult.txt",
			);
			runOnlyForDeploymentPostprocessing = 0;
			shellPath = /bin/sh;
			shellScript = "diff \"${PODS_PODFILE_DIR_PATH}/Podfile.lock\" \"${PODS_ROOT}/Manifest.lock\" > /dev/null\nif [ $? != 0 ] ; then\n    # print error to STDERR\n    echo \"error: The sandbox is not in sync with the Podfile.lock. Run 'pod install' or update your CocoaPods installation.\" >&2\n    exit 1\nfi\n# This output is used by Xcode 'outputs' to avoid re-running this script phase.\necho \"SUCCESS\" > \"${SCRIPT_OUTPUT_FILE_0}\"\n";
			showEnvVarsInLog = 0;
		};
		341435A328D2413500D43979 /* ShellScript */ = {
			isa = PBXShellScriptBuildPhase;
			buildActionMask = 2147483647;
			files = (
			);
			inputFileListPaths = (
			);
			inputPaths = (
			);
			outputFileListPaths = (
			);
			outputPaths = (
				"$(DERIVED_FILE_DIR)/$SRCROOT/R.generated.swift",
			);
			runOnlyForDeploymentPostprocessing = 0;
			shellPath = /bin/sh;
			shellScript = "# Type a script or drag a script file from your workspace to insert its path.\n\"$PODS_ROOT/R.swift/rswift\" generate \"$SRCROOT/R.generated.swift\"\n";
		};
/* End PBXShellScriptBuildPhase section */

/* Begin PBXSourcesBuildPhase section */
		3414358828D23E0E00D43979 /* Sources */ = {
			isa = PBXSourcesBuildPhase;
			buildActionMask = 2147483647;
			files = (
				3414359428D23E0E00D43979 /* MainViewController.swift in Sources */,
				3414359028D23E0E00D43979 /* AppDelegate.swift in Sources */,
				3451C4BE28DF8A24005B0B80 /* WeatherDetailView.swift in Sources */,
				3414359228D23E0E00D43979 /* SceneDelegate.swift in Sources */,
				3469B8F428D5B1D700ADB7BF /* SearchViewController.swift in Sources */,
				34AC530828E72099000E88EB /* CitySearchTableViewCell.swift in Sources */,
				341435A828D242B200D43979 /* MainCoordinator.swift in Sources */,
				3469B90028D5C7AE00ADB7BF /* WeatherDataModel.swift in Sources */,
				348DCECB28D8D070008C4879 /* UICollectionView+Extension.swift in Sources */,
				341435A528D241BC00D43979 /* R.generated.swift in Sources */,
				3469B8F628D5B1F000ADB7BF /* SearchViewModel.swift in Sources */,
				341435AE28D2463200D43979 /* MainViewModel.swift in Sources */,
				348DCEF828DA4A06008C4879 /* DailyWeatherTableViewCell.swift in Sources */,
				348DCEF528DA2C6D008C4879 /* HourlyWeatherCollectionViewCell.swift in Sources */,
				348DCEC928D8D007008C4879 /* UITableView+Extension.swift in Sources */,
				34B92B9228E6ED8F005BD69B /* NetworkingCitySearchManager.swift in Sources */,
				3413736E28E066590032A42A /* WeatherImageManager.swift in Sources */,
				3469B8FC28D5C0BC00ADB7BF /* NetworkingWeatherManager.swift in Sources */,
				3469B8F928D5B7B900ADB7BF /* IconButton.swift in Sources */,
				3469B8EF28D5B0AB00ADB7BF /* MapViewController.swift in Sources */,
				3469B8F128D5B0B300ADB7BF /* MapViewModel.swift in Sources */,
				346AD96F28EB63E30088CF06 /* WeatherTopView.swift in Sources */,
				3451C4BB28DF77FD005B0B80 /* GeocodingManager.swift in Sources */,
				34B92B9028E6ECCF005BD69B /* CitySearchModel.swift in Sources */,
			);
			runOnlyForDeploymentPostprocessing = 0;
		};
/* End PBXSourcesBuildPhase section */

/* Begin PBXVariantGroup section */
		3414359A28D23E1000D43979 /* LaunchScreen.storyboard */ = {
			isa = PBXVariantGroup;
			children = (
				3414359B28D23E1000D43979 /* Base */,
			);
			name = LaunchScreen.storyboard;
			sourceTree = "<group>";
		};
/* End PBXVariantGroup section */

/* Begin XCBuildConfiguration section */
		3414359E28D23E1000D43979 /* Debug */ = {
			isa = XCBuildConfiguration;
			buildSettings = {
				ALWAYS_SEARCH_USER_PATHS = NO;
				CLANG_ANALYZER_NONNULL = YES;
				CLANG_ANALYZER_NUMBER_OBJECT_CONVERSION = YES_AGGRESSIVE;
				CLANG_CXX_LANGUAGE_STANDARD = "gnu++17";
				CLANG_ENABLE_MODULES = YES;
				CLANG_ENABLE_OBJC_ARC = YES;
				CLANG_ENABLE_OBJC_WEAK = YES;
				CLANG_WARN_BLOCK_CAPTURE_AUTORELEASING = YES;
				CLANG_WARN_BOOL_CONVERSION = YES;
				CLANG_WARN_COMMA = YES;
				CLANG_WARN_CONSTANT_CONVERSION = YES;
				CLANG_WARN_DEPRECATED_OBJC_IMPLEMENTATIONS = YES;
				CLANG_WARN_DIRECT_OBJC_ISA_USAGE = YES_ERROR;
				CLANG_WARN_DOCUMENTATION_COMMENTS = YES;
				CLANG_WARN_EMPTY_BODY = YES;
				CLANG_WARN_ENUM_CONVERSION = YES;
				CLANG_WARN_INFINITE_RECURSION = YES;
				CLANG_WARN_INT_CONVERSION = YES;
				CLANG_WARN_NON_LITERAL_NULL_CONVERSION = YES;
				CLANG_WARN_OBJC_IMPLICIT_RETAIN_SELF = YES;
				CLANG_WARN_OBJC_LITERAL_CONVERSION = YES;
				CLANG_WARN_OBJC_ROOT_CLASS = YES_ERROR;
				CLANG_WARN_QUOTED_INCLUDE_IN_FRAMEWORK_HEADER = YES;
				CLANG_WARN_RANGE_LOOP_ANALYSIS = YES;
				CLANG_WARN_STRICT_PROTOTYPES = YES;
				CLANG_WARN_SUSPICIOUS_MOVE = YES;
				CLANG_WARN_UNGUARDED_AVAILABILITY = YES_AGGRESSIVE;
				CLANG_WARN_UNREACHABLE_CODE = YES;
				CLANG_WARN__DUPLICATE_METHOD_MATCH = YES;
				COPY_PHASE_STRIP = NO;
				DEBUG_INFORMATION_FORMAT = dwarf;
				ENABLE_STRICT_OBJC_MSGSEND = YES;
				ENABLE_TESTABILITY = YES;
				GCC_C_LANGUAGE_STANDARD = gnu11;
				GCC_DYNAMIC_NO_PIC = NO;
				GCC_NO_COMMON_BLOCKS = YES;
				GCC_OPTIMIZATION_LEVEL = 0;
				GCC_PREPROCESSOR_DEFINITIONS = (
					"DEBUG=1",
					"$(inherited)",
				);
				GCC_WARN_64_TO_32_BIT_CONVERSION = YES;
				GCC_WARN_ABOUT_RETURN_TYPE = YES_ERROR;
				GCC_WARN_UNDECLARED_SELECTOR = YES;
				GCC_WARN_UNINITIALIZED_AUTOS = YES_AGGRESSIVE;
				GCC_WARN_UNUSED_FUNCTION = YES;
				GCC_WARN_UNUSED_VARIABLE = YES;
				IPHONEOS_DEPLOYMENT_TARGET = 15.5;
				MTL_ENABLE_DEBUG_INFO = INCLUDE_SOURCE;
				MTL_FAST_MATH = YES;
				ONLY_ACTIVE_ARCH = YES;
				SDKROOT = iphoneos;
				SWIFT_ACTIVE_COMPILATION_CONDITIONS = DEBUG;
				SWIFT_OPTIMIZATION_LEVEL = "-Onone";
			};
			name = Debug;
		};
		3414359F28D23E1000D43979 /* Release */ = {
			isa = XCBuildConfiguration;
			buildSettings = {
				ALWAYS_SEARCH_USER_PATHS = NO;
				CLANG_ANALYZER_NONNULL = YES;
				CLANG_ANALYZER_NUMBER_OBJECT_CONVERSION = YES_AGGRESSIVE;
				CLANG_CXX_LANGUAGE_STANDARD = "gnu++17";
				CLANG_ENABLE_MODULES = YES;
				CLANG_ENABLE_OBJC_ARC = YES;
				CLANG_ENABLE_OBJC_WEAK = YES;
				CLANG_WARN_BLOCK_CAPTURE_AUTORELEASING = YES;
				CLANG_WARN_BOOL_CONVERSION = YES;
				CLANG_WARN_COMMA = YES;
				CLANG_WARN_CONSTANT_CONVERSION = YES;
				CLANG_WARN_DEPRECATED_OBJC_IMPLEMENTATIONS = YES;
				CLANG_WARN_DIRECT_OBJC_ISA_USAGE = YES_ERROR;
				CLANG_WARN_DOCUMENTATION_COMMENTS = YES;
				CLANG_WARN_EMPTY_BODY = YES;
				CLANG_WARN_ENUM_CONVERSION = YES;
				CLANG_WARN_INFINITE_RECURSION = YES;
				CLANG_WARN_INT_CONVERSION = YES;
				CLANG_WARN_NON_LITERAL_NULL_CONVERSION = YES;
				CLANG_WARN_OBJC_IMPLICIT_RETAIN_SELF = YES;
				CLANG_WARN_OBJC_LITERAL_CONVERSION = YES;
				CLANG_WARN_OBJC_ROOT_CLASS = YES_ERROR;
				CLANG_WARN_QUOTED_INCLUDE_IN_FRAMEWORK_HEADER = YES;
				CLANG_WARN_RANGE_LOOP_ANALYSIS = YES;
				CLANG_WARN_STRICT_PROTOTYPES = YES;
				CLANG_WARN_SUSPICIOUS_MOVE = YES;
				CLANG_WARN_UNGUARDED_AVAILABILITY = YES_AGGRESSIVE;
				CLANG_WARN_UNREACHABLE_CODE = YES;
				CLANG_WARN__DUPLICATE_METHOD_MATCH = YES;
				COPY_PHASE_STRIP = NO;
				DEBUG_INFORMATION_FORMAT = "dwarf-with-dsym";
				ENABLE_NS_ASSERTIONS = NO;
				ENABLE_STRICT_OBJC_MSGSEND = YES;
				GCC_C_LANGUAGE_STANDARD = gnu11;
				GCC_NO_COMMON_BLOCKS = YES;
				GCC_WARN_64_TO_32_BIT_CONVERSION = YES;
				GCC_WARN_ABOUT_RETURN_TYPE = YES_ERROR;
				GCC_WARN_UNDECLARED_SELECTOR = YES;
				GCC_WARN_UNINITIALIZED_AUTOS = YES_AGGRESSIVE;
				GCC_WARN_UNUSED_FUNCTION = YES;
				GCC_WARN_UNUSED_VARIABLE = YES;
				IPHONEOS_DEPLOYMENT_TARGET = 15.5;
				MTL_ENABLE_DEBUG_INFO = NO;
				MTL_FAST_MATH = YES;
				SDKROOT = iphoneos;
				SWIFT_COMPILATION_MODE = wholemodule;
				SWIFT_OPTIMIZATION_LEVEL = "-O";
				VALIDATE_PRODUCT = YES;
			};
			name = Release;
		};
		341435A128D23E1000D43979 /* Debug */ = {
			isa = XCBuildConfiguration;
			baseConfigurationReference = D325E2A6F123202626E9B983 /* Pods-WeatherTestTask.debug.xcconfig */;
			buildSettings = {
				ASSETCATALOG_COMPILER_APPICON_NAME = AppIcon;
				ASSETCATALOG_COMPILER_GLOBAL_ACCENT_COLOR_NAME = AccentColor;
				CODE_SIGN_STYLE = Automatic;
				CURRENT_PROJECT_VERSION = 1;
				DEVELOPMENT_TEAM = Q4KWB3FWZV;
				GENERATE_INFOPLIST_FILE = YES;
				INFOPLIST_FILE = WeatherTestTask/Info.plist;
				INFOPLIST_KEY_CFBundleDisplayName = WeatherTestTask;
				INFOPLIST_KEY_NSLocationWhenInUseUsageDescription = "Please allow to use your location when the app is in use.";
				INFOPLIST_KEY_UIApplicationSupportsIndirectInputEvents = YES;
				INFOPLIST_KEY_UILaunchStoryboardName = "";
				INFOPLIST_KEY_UIMainStoryboardFile = "";
				INFOPLIST_KEY_UIStatusBarHidden = NO;
				INFOPLIST_KEY_UIStatusBarStyle = "";
				INFOPLIST_KEY_UISupportedInterfaceOrientations = "UIInterfaceOrientationPortrait UIInterfaceOrientationLandscapeLeft UIInterfaceOrientationLandscapeRight";
				INFOPLIST_KEY_UISupportedInterfaceOrientations_iPad = "UIInterfaceOrientationPortrait UIInterfaceOrientationPortraitUpsideDown UIInterfaceOrientationLandscapeLeft UIInterfaceOrientationLandscapeRight";
				INFOPLIST_KEY_UISupportedInterfaceOrientations_iPhone = "UIInterfaceOrientationPortrait UIInterfaceOrientationLandscapeLeft UIInterfaceOrientationLandscapeRight";
				LD_RUNPATH_SEARCH_PATHS = (
					"$(inherited)",
					"@executable_path/Frameworks",
				);
				MARKETING_VERSION = 1.0;
				PRODUCT_BUNDLE_IDENTIFIER = com.Alex173.WeatherTestTask.WeatherTestTask;
				PRODUCT_NAME = "$(TARGET_NAME)";
				SWIFT_EMIT_LOC_STRINGS = YES;
				SWIFT_VERSION = 5.0;
				TARGETED_DEVICE_FAMILY = 1;
			};
			name = Debug;
		};
		341435A228D23E1000D43979 /* Release */ = {
			isa = XCBuildConfiguration;
			baseConfigurationReference = 849A282840F818B53678EC73 /* Pods-WeatherTestTask.release.xcconfig */;
			buildSettings = {
				ASSETCATALOG_COMPILER_APPICON_NAME = AppIcon;
				ASSETCATALOG_COMPILER_GLOBAL_ACCENT_COLOR_NAME = AccentColor;
				CODE_SIGN_STYLE = Automatic;
				CURRENT_PROJECT_VERSION = 1;
				DEVELOPMENT_TEAM = Q4KWB3FWZV;
				GENERATE_INFOPLIST_FILE = YES;
				INFOPLIST_FILE = WeatherTestTask/Info.plist;
				INFOPLIST_KEY_CFBundleDisplayName = WeatherTestTask;
				INFOPLIST_KEY_NSLocationWhenInUseUsageDescription = "Please allow to use your location when the app is in use.";
				INFOPLIST_KEY_UIApplicationSupportsIndirectInputEvents = YES;
				INFOPLIST_KEY_UILaunchStoryboardName = "";
				INFOPLIST_KEY_UIMainStoryboardFile = "";
				INFOPLIST_KEY_UIStatusBarHidden = NO;
				INFOPLIST_KEY_UIStatusBarStyle = "";
				INFOPLIST_KEY_UISupportedInterfaceOrientations = "UIInterfaceOrientationPortrait UIInterfaceOrientationLandscapeLeft UIInterfaceOrientationLandscapeRight";
				INFOPLIST_KEY_UISupportedInterfaceOrientations_iPad = "UIInterfaceOrientationPortrait UIInterfaceOrientationPortraitUpsideDown UIInterfaceOrientationLandscapeLeft UIInterfaceOrientationLandscapeRight";
				INFOPLIST_KEY_UISupportedInterfaceOrientations_iPhone = "UIInterfaceOrientationPortrait UIInterfaceOrientationLandscapeLeft UIInterfaceOrientationLandscapeRight";
				LD_RUNPATH_SEARCH_PATHS = (
					"$(inherited)",
					"@executable_path/Frameworks",
				);
				MARKETING_VERSION = 1.0;
				PRODUCT_BUNDLE_IDENTIFIER = com.Alex173.WeatherTestTask.WeatherTestTask;
				PRODUCT_NAME = "$(TARGET_NAME)";
				SWIFT_EMIT_LOC_STRINGS = YES;
				SWIFT_VERSION = 5.0;
				TARGETED_DEVICE_FAMILY = 1;
			};
			name = Release;
		};
/* End XCBuildConfiguration section */

/* Begin XCConfigurationList section */
		3414358728D23E0E00D43979 /* Build configuration list for PBXProject "WeatherTestTask" */ = {
			isa = XCConfigurationList;
			buildConfigurations = (
				3414359E28D23E1000D43979 /* Debug */,
				3414359F28D23E1000D43979 /* Release */,
			);
			defaultConfigurationIsVisible = 0;
			defaultConfigurationName = Release;
		};
		341435A028D23E1000D43979 /* Build configuration list for PBXNativeTarget "WeatherTestTask" */ = {
			isa = XCConfigurationList;
			buildConfigurations = (
				341435A128D23E1000D43979 /* Debug */,
				341435A228D23E1000D43979 /* Release */,
			);
			defaultConfigurationIsVisible = 0;
			defaultConfigurationName = Release;
		};
/* End XCConfigurationList section */
	};
	rootObject = 3414358428D23E0E00D43979 /* Project object */;
}
